{
    "_readme": [
        "This file locks the dependencies of your project to a known state",
        "Read more about it at https://getcomposer.org/doc/01-basic-usage.md#installing-dependencies",
        "This file is @generated automatically"
    ],
    "content-hash": "1ef62c9e569cab73541181ca6a841f07",
    "packages": [
        {
            "name": "freshwork/chilean-bundle",
            "version": "2.1.3",
            "source": {
                "type": "git",
                "url": "https://github.com/freshworkstudio/ChileanBundle.git",
                "reference": "a27f276a1028371f6c9687b8b0951c281814e1cb"
            },
            "dist": {
                "type": "zip",
                "url": "https://api.github.com/repos/freshworkstudio/ChileanBundle/zipball/a27f276a1028371f6c9687b8b0951c281814e1cb",
                "reference": "a27f276a1028371f6c9687b8b0951c281814e1cb",
                "shasum": ""
            },
            "require": {
                "php": ">=5.4.0"
            },
            "require-dev": {
                "codeception/codeception": "^2.1",
                "codeception/specify": "^0.4.3"
            },
            "type": "library",
            "extra": {
                "laravel": {
                    "providers": [
                        "Freshwork\\ChileanBundle\\Laravel\\ChileanBundleServiceProvider"
                    ],
                    "aliases": {
                        "Rut": "Freshwork\\ChileanBundle\\Facades\\Rut"
                    }
                }
            },
            "autoload": {
                "psr-4": {
                    "Freshwork\\ChileanBundle\\": "src/"
                }
            },
            "notification-url": "https://packagist.org/downloads/",
            "license": [
                "MIT"
            ],
            "authors": [
                {
                    "name": "Gonzalo De Spirito | Freshwork Studio Chile",
                    "email": "gonzalo@freshworkstudio.com"
                }
            ],
            "description": "A PHP composer package with Chilean validations, common variables, etc. (RUT, IVA, ETC). Ready for Laravel 5. Grande chile ctm :)",
            "keywords": [
                "chile",
                "freshwork",
                "laravel",
                "rut",
                "tools",
                "validation"
            ],
            "time": "2019-01-04T04:17:40+00:00"
        }
    ],
    "packages-dev": [],
    "aliases": [],
    "minimum-stability": "stable",
    "stability-flags": [],
    "prefer-stable": false,
    "prefer-lowest": false,
    "platform": [],
    "platform-dev": []
}
